
Microsoft Visual Studio Solution File, Format Version 12.00
# Visual Studio Version 17
VisualStudioVersion = 17.7.34024.191
MinimumVisualStudioVersion = 10.0.40219.1
Project("{FAE04EC0-301F-11D3-BF4B-00C04F79EFBC}") = "SchoolRegisterProject", "SchoolRegisterProject.csproj", "{B9541F29-88E7-454C-A604-B9AAD35F8BB7}"
EndProject
Global
	GlobalSection(SolutionConfigurationPlatforms) = preSolution
		Debug|Any CPU = Debug|Any CPU
		Release|Any CPU = Release|Any CPU
	EndGlobalSection
	GlobalSection(ProjectConfigurationPlatforms) = postSolution
		{B9541F29-88E7-454C-A604-B9AAD35F8BB7}.Debug|Any CPU.ActiveCfg = Debug|Any CPU
		{B9541F29-88E7-454C-A604-B9AAD35F8BB7}.Debug|Any CPU.Build.0 = Debug|Any CPU
		{B9541F29-88E7-454C-A604-B9AAD35F8BB7}.Release|Any CPU.ActiveCfg = Release|Any CPU
		{B9541F29-88E7-454C-A604-B9AAD35F8BB7}.Release|Any CPU.Build.0 = Release|Any CPU
	EndGlobalSection
	GlobalSection(SolutionProperties) = preSolution
		HideSolutionNode = FALSE
	EndGlobalSection
	GlobalSection(ExtensibilityGlobals) = postSolution
		SolutionGuid = {ECF4F024-E193-4FD5-B337-ABF8D99E93C2}
	EndGlobalSection
EndGlobal
